{
  "version": 4,
  "terraform_version": "1.8.4",
  "serial": 36,
  "lineage": "6d087702-6f74-3685-396d-0842922efff2",
  "outputs": {
    "cluster_endpoint": {
      "value": "https://127.0.0.1:51067",
      "type": "string"
    },
    "cluster_name": {
      "value": "satsure-kind-cluster",
      "type": "string"
    },
    "cluster_status": {
      "value": true,
      "type": "bool"
    },
    "deployment_name": {
      "value": "ping-pong",
      "type": "string"
    },
    "deployment_namespace": {
      "value": "ping-pong",
      "type": "string"
    },
    "kubeconfig_path": {
      "value": "/Users/jatin.dogra/Assigment/terraform/satsure-kind-cluster-config",
      "type": "string"
    },
    "replicas": {
      "value": "2",
      "type": "string"
    },
    "service_ip": {
      "value": "10.30.19.58",
      "type": "string"
    },
    "service_name": {
      "value": "ping-pong-service",
      "type": "string"
    },
    "service_port": {
      "value": 8080,
      "type": "number"
    },
    "service_type": {
      "value": "ClusterIP",
      "type": "string"
    }
  },
  "resources": [
    {
      "module": "module.kind_cluster",
      "mode": "managed",
      "type": "kind_cluster",
      "name": "default",
      "provider": "provider[\"registry.terraform.io/tehcyx/kind\"]",
      "instances": [
        {
          "schema_version": 0,
          "attributes": {
            "client_certificate": "-----BEGIN CERTIFICATE-----\nMIIDITCCAgmgAwIBAgIIQzHUPN3edBAwDQYJKoZIhvcNAQELBQAwFTETMBEGA1UE\nAxMKa3ViZXJuZXRlczAeFw0yNDA2MDEyMTM3MDNaFw0yNTA2MDEyMTM3MDVaMDQx\nFzAVBgNVBAoTDnN5c3RlbTptYXN0ZXJzMRkwFwYDVQQDExBrdWJlcm5ldGVzLWFk\nbWluMIIBIjANBgkqhkiG9w0BAQEFAAOCAQ8AMIIBCgKCAQEAysisGFkTImFQQe7B\niMt2ZCXxdCM+JD30Y10E4cyHSBcDae6iir9M31V7pZgqctZjsl4UGFLGaZyXG620\n9H2Q5WHTJq0quMCejXsOIe53rJWMi2pBH6WINOEzrxWS60yJolvDz9F2PsZ4CWs6\n81qVFF3d55Dj5jM1Ud9rChoqf+4wniQwPsHt7IY2HACPf00Gxn1q9W2kzqu7Cwze\n+mLLYe3Vjhp0Z3CFLwebFAx3t1LOuDnTko6CRnkr5yBSVk7pP2uDiLV4XL4VnqUI\nsZhaoJNEBlMTlnGSzDuk9M2wBqPTqDNzUyDJyRRjq/NHWh6Rqsw8Lw1CZvWcjp2b\nv2UlMQIDAQABo1YwVDAOBgNVHQ8BAf8EBAMCBaAwEwYDVR0lBAwwCgYIKwYBBQUH\nAwIwDAYDVR0TAQH/BAIwADAfBgNVHSMEGDAWgBTpnknoqbEIUGqWu0B1SZgGQ54K\nETANBgkqhkiG9w0BAQsFAAOCAQEAALqKUg/icNfL1/xs/mK//euwEg8ycETLwIFd\neR4L+wp07xOTUdzLxQwNJHQkEwUNpFPEabk/AKx10J3pevwwvnP1+VQl1bhonLZC\nXAx4QKrgdq/0EItwksn8tGsQFsSQVdugcx/5lDb7FCdmtSrAcQydS1Ay+iQE/Vh5\nja85L+5S3fBqOzpLekDHG5Q+AhvDaYiNevw0x9zdM7HzvwStRAopa70yZyAJVYG5\nvnYFQutmIeXhJmoLUYURvU7AOHsFC3zylv5gD5VKMfBItqgxbHdpXo/zxwrjkn2V\nDfIgH1Ms4SUDWp4GNy2IzCBKO/k9vSr1/vaS1hmFspKRMceBAw==\n-----END CERTIFICATE-----\n",
            "client_key": "-----BEGIN RSA PRIVATE KEY-----\nMIIEpAIBAAKCAQEAysisGFkTImFQQe7BiMt2ZCXxdCM+JD30Y10E4cyHSBcDae6i\nir9M31V7pZgqctZjsl4UGFLGaZyXG6209H2Q5WHTJq0quMCejXsOIe53rJWMi2pB\nH6WINOEzrxWS60yJolvDz9F2PsZ4CWs681qVFF3d55Dj5jM1Ud9rChoqf+4wniQw\nPsHt7IY2HACPf00Gxn1q9W2kzqu7Cwze+mLLYe3Vjhp0Z3CFLwebFAx3t1LOuDnT\nko6CRnkr5yBSVk7pP2uDiLV4XL4VnqUIsZhaoJNEBlMTlnGSzDuk9M2wBqPTqDNz\nUyDJyRRjq/NHWh6Rqsw8Lw1CZvWcjp2bv2UlMQIDAQABAoIBAQCkZbm3Z4duqOwS\n98go6aJKoMQ2Plgjs6KMZ54MnO7Tz+xxlghqaZqduMSsREetoAdlVIYADiNS/aM3\nykTYrW+ptvwi7+Khs28XDjsv4Q9eeENfxz2StXVOQYDQIbJhVkSCvthpg8vUKryo\nDinVnosb3tmG4V0RhFRm0rUJlJr96J91ISiMAWmzldkT24d0s0GksXOleXryMekq\n8vFEvuSXSTmgmpmJGquj3UlV1wcTkwqP++oHKrxqPRVyjWwMeh1TtEoe/5QGwKjy\nCXrIzs9uHYJ/FPJdaY9kDfWHzHBATilfgWbOT6t2crsZzOdteITuUFjoTecs6hdL\ntNFQuyGNAoGBANT12WpAR4WiU8VyfWR3YTR1faSDEQxIOJUWD1x8/IGLkR0o2WFH\ne5P44Fqua2m4+pFsm9ThKroMpW2y+iVd2uQg3A8jRmPJ6bTrQrkznAyFKKxUUrUr\nB/TaFtpWm3vT4w++FRWXYFPzdHsZMr0h2CVvL4PpPaa1cs/kIjdlgW2nAoGBAPPE\nT+43XOqF6r2rWGAc4c/0qAXmJPPI888c7a95jIoEFqrxlx5uEJ/d5HbkIGDK8pF5\ntN89Iq33ZSVNW+bCUHFZM1+VrkgYBJr4Ob3QnIMB4TmsYtGOMjK1EMYFwWrZMZKI\nmQTNxlIGQml1rHwyYy0koyV2HrUigghIkvLORKFnAoGAftH5q6Cj9xz4LjlEGzRM\nmuTs8a9r05ieuYntk/KKnMr0nBzbd2cOXMx1Lwt3w/n4nenD0z5UJ3+odG+FMAN4\neypmYk1rebmgh7EihxAI+hvCYP3GU0VQ86t8uIGjDlbcfV+BRt5i6xusXjJfWOpy\nwbg436FiqYic2tjM15iHPzkCgYEAw2MM9lHl5g0lFJYspg1AamEd9Gx+HfFqiw4S\n7d2takrQqIAwsrFiHeHLaAh+c1b4iuZUtcLY8zwjFH0nNpV1yQTIisr9AMhPmK9y\nCNUXPmLZVlL4eiNR1RcQtMiUOcKRW3SlwhX16nUd8k3hzULN/7coFbTR9DoOo/kX\n4Aq5M+0CgYBki83uCOZ/vhIew8pbhaikQ00pGeMGpNsWSankFscC9xX0B2hZ8sXQ\niKrm8IS9sRUAdSpub2jR+An/OeHURkgnupttsdwgFW20N4ytwjN6iirmNpc5KBwS\nRg9L42AwIq/WsmdhM8nzXQArZBCh9hlfL7De2DkUaJT9akNYj8IFkA==\n-----END RSA PRIVATE KEY-----\n",
            "cluster_ca_certificate": "-----BEGIN CERTIFICATE-----\nMIIC/jCCAeagAwIBAgIBADANBgkqhkiG9w0BAQsFADAVMRMwEQYDVQQDEwprdWJl\ncm5ldGVzMB4XDTI0MDYwMTIxMzcwM1oXDTM0MDUzMDIxMzcwM1owFTETMBEGA1UE\nAxMKa3ViZXJuZXRlczCCASIwDQYJKoZIhvcNAQEBBQADggEPADCCAQoCggEBAM/W\n+Q1+JY5plwmhP3Y2Fa0fHXlyZy/qOjVreSRXj9o/nvdLTBdD0220HopfCh5Dqnxf\nDAmekm05OLjFE0kt09rCs35+issCyDKe7fXSwnSsXKM+W41vBkAaUaqi3qCDJK6F\n4c65+Tob7XXOhuZb7/h9BXnv5FZtYste/F6AoosPz9twt7/LlOK9f2USXlKreBBS\nMwXNpPsT7NyCojwooG8Xq9AEtKJJSrIBAAu3goRup9H24PyPbOfYqoHRr6m86nrj\neadbqFaBQPUjjEh1KSNBvmV6yubWNvnBcr/IULpgEAWs3pMh8YLrT/gA7+cZTRQ0\ncrvueACwMBQIiwvEf+sCAwEAAaNZMFcwDgYDVR0PAQH/BAQDAgKkMA8GA1UdEwEB\n/wQFMAMBAf8wHQYDVR0OBBYEFOmeSeipsQhQapa7QHVJmAZDngoRMBUGA1UdEQQO\nMAyCCmt1YmVybmV0ZXMwDQYJKoZIhvcNAQELBQADggEBAFrcr6v8teHOdZDt0tys\nezRH/H6eC5v8mR7SeVIWO2/bkhF53xyHeI6lwUu8P/El+Mlix5DvoMCu22iAyKTH\njblPCCuHDMN0YAa/69vGVYyhRRVfWXQw0mGB4xv6DGPk55ToneqO9GF+tq0EUosD\npL3UbJdb9nwcQbGcbYO+gQk8bizc1Oqs5mAary6UKOwC3TuL3dgFGH62QrtyxLUB\nguvXul1RPj5y57Hi7E0svtaibPMXUBwy2MPnfVanoKWvHm6aGLg0haYVBO4BDMTf\nqF1wOKwWDi+NrEt+IU/k7JZee1KJHCNb6jdOIHT5Sq3yYYIuTKNklGZfhZzwVklC\nJ2Q=\n-----END CERTIFICATE-----\n",
            "completed": true,
            "endpoint": "https://127.0.0.1:51067",
            "id": "satsure-kind-cluster-kindest/node:v1.24.0",
            "kind_config": [
              {
                "api_version": "kind.x-k8s.io/v1alpha4",
                "containerd_config_patches": [],
                "feature_gates": {},
                "kind": "Cluster",
                "networking": [
                  {
                    "api_server_address": "",
                    "api_server_port": 0,
                    "disable_default_cni": false,
                    "dns_search": [],
                    "ip_family": "",
                    "kube_proxy_mode": "",
                    "pod_subnet": "10.20.0.0/16",
                    "service_subnet": "10.30.0.0/16"
                  }
                ],
                "node": [],
                "runtime_config": {}
              }
            ],
            "kubeconfig": "apiVersion: v1\nclusters:\n- cluster:\n    certificate-authority-data: LS0tLS1CRUdJTiBDRVJUSUZJQ0FURS0tLS0tCk1JSUMvakNDQWVhZ0F3SUJBZ0lCQURBTkJna3Foa2lHOXcwQkFRc0ZBREFWTVJNd0VRWURWUVFERXdwcmRXSmwKY201bGRHVnpNQjRYRFRJME1EWXdNVEl4TXpjd00xb1hEVE0wTURVek1ESXhNemN3TTFvd0ZURVRNQkVHQTFVRQpBeE1LYTNWaVpYSnVaWFJsY3pDQ0FTSXdEUVlKS29aSWh2Y05BUUVCQlFBRGdnRVBBRENDQVFvQ2dnRUJBTS9XCitRMStKWTVwbHdtaFAzWTJGYTBmSFhseVp5L3FPalZyZVNSWGo5by9udmRMVEJkRDAyMjBIb3BmQ2g1RHFueGYKREFtZWttMDVPTGpGRTBrdDA5ckNzMzUraXNzQ3lES2U3ZlhTd25Tc1hLTStXNDF2QmtBYVVhcWkzcUNESks2Rgo0YzY1K1RvYjdYWE9odVpiNy9oOUJYbnY1Rlp0WXN0ZS9GNkFvb3NQejl0d3Q3L0xsT0s5ZjJVU1hsS3JlQkJTCk13WE5wUHNUN055Q29qd29vRzhYcTlBRXRLSkpTcklCQUF1M2dvUnVwOUgyNFB5UGJPZllxb0hScjZtODZucmoKZWFkYnFGYUJRUFVqakVoMUtTTkJ2bVY2eXViV052bkJjci9JVUxwZ0VBV3MzcE1oOFlMclQvZ0E3K2NaVFJRMApjcnZ1ZUFDd01CUUlpd3ZFZitzQ0F3RUFBYU5aTUZjd0RnWURWUjBQQVFIL0JBUURBZ0trTUE4R0ExVWRFd0VCCi93UUZNQU1CQWY4d0hRWURWUjBPQkJZRUZPbWVTZWlwc1FoUWFwYTdRSFZKbUFaRG5nb1JNQlVHQTFVZEVRUU8KTUF5Q0NtdDFZbVZ5Ym1WMFpYTXdEUVlKS29aSWh2Y05BUUVMQlFBRGdnRUJBRnJjcjZ2OHRlSE9kWkR0MHR5cwplelJIL0g2ZUM1djhtUjdTZVZJV08yL2JraEY1M3h5SGVJNmx3VXU4UC9FbCtNbGl4NUR2b01DdTIyaUF5S1RICmpibFBDQ3VIRE1OMFlBYS82OXZHVll5aFJSVmZXWFF3MG1HQjR4djZER1BrNTVUb25lcU85R0YrdHEwRVVvc0QKcEwzVWJKZGI5bndjUWJHY2JZTytnUWs4Yml6YzFPcXM1bUFhcnk2VUtPd0MzVHVMM2RnRkdINjJRcnR5eExVQgpndXZYdWwxUlBqNXk1N0hpN0Uwc3Z0YWliUE1YVUJ3eTJNUG5mVmFub0tXdkhtNmFHTGcwaGFZVkJPNEJETVRmCnFGMXdPS3dXRGkrTnJFdCtJVS9rN0paZWUxS0pIQ05iNmpkT0lIVDVTcTN5WVlJdVRLTmtsR1pmaFp6d1ZrbEMKSjJRPQotLS0tLUVORCBDRVJUSUZJQ0FURS0tLS0tCg==\n    server: https://127.0.0.1:51067\n  name: kind-satsure-kind-cluster\ncontexts:\n- context:\n    cluster: kind-satsure-kind-cluster\n    user: kind-satsure-kind-cluster\n  name: kind-satsure-kind-cluster\ncurrent-context: kind-satsure-kind-cluster\nkind: Config\npreferences: {}\nusers:\n- name: kind-satsure-kind-cluster\n  user:\n    client-certificate-data: LS0tLS1CRUdJTiBDRVJUSUZJQ0FURS0tLS0tCk1JSURJVENDQWdtZ0F3SUJBZ0lJUXpIVVBOM2VkQkF3RFFZSktvWklodmNOQVFFTEJRQXdGVEVUTUJFR0ExVUUKQXhNS2EzVmlaWEp1WlhSbGN6QWVGdzB5TkRBMk1ERXlNVE0zTUROYUZ3MHlOVEEyTURFeU1UTTNNRFZhTURReApGekFWQmdOVkJBb1REbk41YzNSbGJUcHRZWE4wWlhKek1Sa3dGd1lEVlFRREV4QnJkV0psY201bGRHVnpMV0ZrCmJXbHVNSUlCSWpBTkJna3Foa2lHOXcwQkFRRUZBQU9DQVE4QU1JSUJDZ0tDQVFFQXlzaXNHRmtUSW1GUVFlN0IKaU10MlpDWHhkQ00rSkQzMFkxMEU0Y3lIU0JjRGFlNmlpcjlNMzFWN3BaZ3FjdFpqc2w0VUdGTEdhWnlYRzYyMAo5SDJRNVdIVEpxMHF1TUNlalhzT0llNTNySldNaTJwQkg2V0lOT0V6cnhXUzYweUpvbHZEejlGMlBzWjRDV3M2CjgxcVZGRjNkNTVEajVqTTFVZDlyQ2hvcWYrNHduaVF3UHNIdDdJWTJIQUNQZjAwR3huMXE5VzJrenF1N0N3emUKK21MTFllM1ZqaHAwWjNDRkx3ZWJGQXgzdDFMT3VEblRrbzZDUm5rcjV5QlNWazdwUDJ1RGlMVjRYTDRWbnFVSQpzWmhhb0pORUJsTVRsbkdTekR1azlNMndCcVBUcUROelV5REp5UlJqcS9OSFdoNlJxc3c4THcxQ1p2V2NqcDJiCnYyVWxNUUlEQVFBQm8xWXdWREFPQmdOVkhROEJBZjhFQkFNQ0JhQXdFd1lEVlIwbEJBd3dDZ1lJS3dZQkJRVUgKQXdJd0RBWURWUjBUQVFIL0JBSXdBREFmQmdOVkhTTUVHREFXZ0JUcG5rbm9xYkVJVUdxV3UwQjFTWmdHUTU0SwpFVEFOQmdrcWhraUc5dzBCQVFzRkFBT0NBUUVBQUxxS1VnL2ljTmZMMS94cy9tSy8vZXV3RWc4eWNFVEx3SUZkCmVSNEwrd3AwN3hPVFVkekx4UXdOSkhRa0V3VU5wRlBFYWJrL0FLeDEwSjNwZXZ3d3ZuUDErVlFsMWJob25MWkMKWEF4NFFLcmdkcS8wRUl0d2tzbjh0R3NRRnNTUVZkdWdjeC81bERiN0ZDZG10U3JBY1F5ZFMxQXkraVFFL1ZoNQpqYTg1TCs1UzNmQnFPenBMZWtESEc1UStBaHZEYVlpTmV2dzB4OXpkTTdIenZ3U3RSQW9wYTcweVp5QUpWWUc1CnZuWUZRdXRtSWVYaEptb0xVWVVSdlU3QU9Ic0ZDM3p5bHY1Z0Q1VktNZkJJdHFneGJIZHBYby96eHdyamtuMlYKRGZJZ0gxTXM0U1VEV3A0R055Mkl6Q0JLTy9rOXZTcjEvdmFTMWhtRnNwS1JNY2VCQXc9PQotLS0tLUVORCBDRVJUSUZJQ0FURS0tLS0tCg==\n    client-key-data: LS0tLS1CRUdJTiBSU0EgUFJJVkFURSBLRVktLS0tLQpNSUlFcEFJQkFBS0NBUUVBeXNpc0dGa1RJbUZRUWU3QmlNdDJaQ1h4ZENNK0pEMzBZMTBFNGN5SFNCY0RhZTZpCmlyOU0zMVY3cFpncWN0WmpzbDRVR0ZMR2FaeVhHNjIwOUgyUTVXSFRKcTBxdU1DZWpYc09JZTUzckpXTWkycEIKSDZXSU5PRXpyeFdTNjB5Sm9sdkR6OUYyUHNaNENXczY4MXFWRkYzZDU1RGo1ak0xVWQ5ckNob3FmKzR3bmlRdwpQc0h0N0lZMkhBQ1BmMDBHeG4xcTlXMmt6cXU3Q3d6ZSttTExZZTNWamhwMFozQ0ZMd2ViRkF4M3QxTE91RG5UCmtvNkNSbmtyNXlCU1ZrN3BQMnVEaUxWNFhMNFZucVVJc1poYW9KTkVCbE1UbG5HU3pEdWs5TTJ3QnFQVHFETnoKVXlESnlSUmpxL05IV2g2UnFzdzhMdzFDWnZXY2pwMmJ2MlVsTVFJREFRQUJBb0lCQVFDa1pibTNaNGR1cU93Uwo5OGdvNmFKS29NUTJQbGdqczZLTVo1NE1uTzdUeit4eGxnaHFhWnFkdU1Tc1JFZXRvQWRsVklZQURpTlMvYU0zCnlrVFlyVytwdHZ3aTcrS2hzMjhYRGpzdjRROWVlRU5meHoyU3RYVk9RWURRSWJKaFZrU0N2dGhwZzh2VUtyeW8KRGluVm5vc2IzdG1HNFYwUmhGUm0wclVKbEpyOTZKOTFJU2lNQVdtemxka1QyNGQwczBHa3NYT2xlWHJ5TWVrcQo4dkZFdnVTWFNUbWdtcG1KR3F1ajNVbFYxd2NUa3dxUCsrb0hLcnhxUFJWeWpXd01laDFUdEVvZS81UUd3S2p5CkNYckl6czl1SFlKL0ZQSmRhWTlrRGZXSHpIQkFUaWxmZ1diT1Q2dDJjcnNaek9kdGVJVHVVRmpvVGVjczZoZEwKdE5GUXV5R05Bb0dCQU5UMTJXcEFSNFdpVThWeWZXUjNZVFIxZmFTREVReElPSlVXRDF4OC9JR0xrUjBvMldGSAplNVA0NEZxdWEybTQrcEZzbTlUaEtyb01wVzJ5K2lWZDJ1UWczQThqUm1QSjZiVHJRcmt6bkF5RktLeFVVclVyCkIvVGFGdHBXbTN2VDR3KytGUldYWUZQemRIc1pNcjBoMkNWdkw0UHBQYWExY3Mva0lqZGxnVzJuQW9HQkFQUEUKVCs0M1hPcUY2cjJyV0dBYzRjLzBxQVhtSlBQSTg4OGM3YTk1aklvRUZxcnhseDV1RUovZDVIYmtJR0RLOHBGNQp0Tjg5SXEzM1pTVk5XK2JDVUhGWk0xK1Zya2dZQkpyNE9iM1FuSU1CNFRtc1l0R09NaksxRU1ZRndXclpNWktJCm1RVE54bElHUW1sMXJId3lZeTBrb3lWMkhyVWlnZ2hJa3ZMT1JLRm5Bb0dBZnRINXE2Q2o5eHo0TGpsRUd6Uk0KbXVUczhhOXIwNWlldVludGsvS0tuTXIwbkJ6YmQyY09YTXgxTHd0M3cvbjRuZW5EMHo1VUozK29kRytGTUFONApleXBtWWsxcmVibWdoN0VpaHhBSStodkNZUDNHVTBWUTg2dDh1SUdqRGxiY2ZWK0JSdDVpNnh1c1hqSmZXT3B5CndiZzQzNkZpcVlpYzJ0ak0xNWlIUHprQ2dZRUF3Mk1NOWxIbDVnMGxGSllzcGcxQWFtRWQ5R3grSGZGcWl3NFMKN2QydGFrclFxSUF3c3JGaUhlSExhQWgrYzFiNGl1WlV0Y0xZOHp3akZIMG5OcFYxeVFUSWlzcjlBTWhQbUs5eQpDTlVYUG1MWlZsTDRlaU5SMVJjUXRNaVVPY0tSVzNTbHdoWDE2blVkOGszaHpVTE4vN2NvRmJUUjlEb09vL2tYCjRBcTVNKzBDZ1lCa2k4M3VDT1ovdmhJZXc4cGJoYWlrUTAwcEdlTUdwTnNXU2Fua0ZzY0M5eFgwQjJoWjhzWFEKaUtybThJUzlzUlVBZFNwdWIyalIrQW4vT2VIVVJrZ251cHR0c2R3Z0ZXMjBONHl0d2pONmlpcm1OcGM1S0J3UwpSZzlMNDJBd0lxL1dzbWRoTThuelhRQXJaQkNoOWhsZkw3RGUyRGtVYUpUOWFrTllqOElGa0E9PQotLS0tLUVORCBSU0EgUFJJVkFURSBLRVktLS0tLQo=\n",
            "kubeconfig_path": "/Users/jatin.dogra/Assigment/terraform/satsure-kind-cluster-config",
            "name": "satsure-kind-cluster",
            "node_image": "kindest/node:v1.24.0",
            "timeouts": null,
            "wait_for_ready": true
          },
          "sensitive_attributes": [],
          "private": "eyJlMmJmYjczMC1lY2FhLTExZTYtOGY4OC0zNDM2M2JjN2M0YzAiOnsiY3JlYXRlIjozMDAwMDAwMDAwMDAsImRlbGV0ZSI6MzAwMDAwMDAwMDAwLCJ1cGRhdGUiOjMwMDAwMDAwMDAwMH19"
        }
      ]
    },
    {
      "module": "module.kubernetes",
      "mode": "managed",
      "type": "kubernetes_deployment",
      "name": "deployment",
      "provider": "module.kubernetes.provider[\"registry.terraform.io/hashicorp/kubernetes\"]",
      "instances": [
        {
          "schema_version": 1,
          "attributes": {
            "id": "ping-pong/ping-pong",
            "metadata": [
              {
                "annotations": {},
                "generate_name": "",
                "generation": 1,
                "labels": {},
                "name": "ping-pong",
                "namespace": "ping-pong",
                "resource_version": "2315",
                "uid": "b01fa293-a96e-41b1-b463-4069437cf01a"
              }
            ],
            "spec": [
              {
                "min_ready_seconds": 0,
                "paused": false,
                "progress_deadline_seconds": 600,
                "replicas": "2",
                "revision_history_limit": 10,
                "selector": [
                  {
                    "match_expressions": [],
                    "match_labels": {
                      "app": "ping-pong"
                    }
                  }
                ],
                "strategy": [
                  {
                    "rolling_update": [
                      {
                        "max_surge": "25%",
                        "max_unavailable": "25%"
                      }
                    ],
                    "type": "RollingUpdate"
                  }
                ],
                "template": [
                  {
                    "metadata": [
                      {
                        "annotations": {},
                        "generate_name": "",
                        "generation": 0,
                        "labels": {
                          "app": "ping-pong"
                        },
                        "name": "",
                        "namespace": "",
                        "resource_version": "",
                        "uid": ""
                      }
                    ],
                    "spec": [
                      {
                        "active_deadline_seconds": 0,
                        "affinity": [],
                        "automount_service_account_token": true,
                        "container": [
                          {
                            "args": [],
                            "command": [],
                            "env": [],
                            "env_from": [],
                            "image": "docker.io/dograjatin/ping-pong:latest",
                            "image_pull_policy": "IfNotPresent",
                            "lifecycle": [],
                            "liveness_probe": [
                              {
                                "exec": [],
                                "failure_threshold": 3,
                                "grpc": [],
                                "http_get": [
                                  {
                                    "host": "",
                                    "http_header": [],
                                    "path": "/v1/ping",
                                    "port": "8080",
                                    "scheme": "HTTP"
                                  }
                                ],
                                "initial_delay_seconds": 0,
                                "period_seconds": 10,
                                "success_threshold": 1,
                                "tcp_socket": [],
                                "timeout_seconds": 5
                              }
                            ],
                            "name": "ping-pong",
                            "port": [
                              {
                                "container_port": 8080,
                                "host_ip": "",
                                "host_port": 0,
                                "name": "",
                                "protocol": "TCP"
                              }
                            ],
                            "readiness_probe": [
                              {
                                "exec": [],
                                "failure_threshold": 3,
                                "grpc": [],
                                "http_get": [
                                  {
                                    "host": "",
                                    "http_header": [],
                                    "path": "/v1/ping",
                                    "port": "8080",
                                    "scheme": "HTTP"
                                  }
                                ],
                                "initial_delay_seconds": 0,
                                "period_seconds": 10,
                                "success_threshold": 1,
                                "tcp_socket": [],
                                "timeout_seconds": 5
                              }
                            ],
                            "resources": [
                              {
                                "limits": {
                                  "cpu": "500m",
                                  "memory": "512Mi"
                                },
                                "requests": {
                                  "cpu": "250m",
                                  "memory": "256Mi"
                                }
                              }
                            ],
                            "security_context": [],
                            "startup_probe": [],
                            "stdin": false,
                            "stdin_once": false,
                            "termination_message_path": "/dev/termination-log",
                            "termination_message_policy": "File",
                            "tty": false,
                            "volume_mount": [],
                            "working_dir": ""
                          }
                        ],
                        "dns_config": [],
                        "dns_policy": "ClusterFirst",
                        "enable_service_links": true,
                        "host_aliases": [],
                        "host_ipc": false,
                        "host_network": false,
                        "host_pid": false,
                        "hostname": "",
                        "image_pull_secrets": [],
                        "init_container": [],
                        "node_name": "",
                        "node_selector": {},
                        "os": [],
                        "priority_class_name": "",
                        "readiness_gate": [],
                        "restart_policy": "Always",
                        "runtime_class_name": "",
                        "scheduler_name": "default-scheduler",
                        "security_context": [],
                        "service_account_name": "",
                        "share_process_namespace": false,
                        "subdomain": "",
                        "termination_grace_period_seconds": 30,
                        "toleration": [],
                        "topology_spread_constraint": [],
                        "volume": []
                      }
                    ]
                  }
                ]
              }
            ],
            "timeouts": null,
            "wait_for_rollout": true
          },
          "sensitive_attributes": [],
          "private": "eyJlMmJmYjczMC1lY2FhLTExZTYtOGY4OC0zNDM2M2JjN2M0YzAiOnsiY3JlYXRlIjo2MDAwMDAwMDAwMDAsImRlbGV0ZSI6NjAwMDAwMDAwMDAwLCJ1cGRhdGUiOjYwMDAwMDAwMDAwMH0sInNjaGVtYV92ZXJzaW9uIjoiMSJ9",
          "dependencies": [
            "module.kind_cluster.kind_cluster.default",
            "module.kubernetes.kubernetes_namespace.namespace"
          ]
        }
      ]
    },
    {
      "module": "module.kubernetes",
      "mode": "managed",
      "type": "kubernetes_ingress_class_v1",
      "name": "ingress_class",
      "provider": "module.kubernetes.provider[\"registry.terraform.io/hashicorp/kubernetes\"]",
      "instances": [
        {
          "schema_version": 0,
          "attributes": {
            "id": "nginx",
            "metadata": [
              {
                "annotations": {},
                "generate_name": "",
                "generation": 1,
                "labels": {},
                "name": "nginx",
                "resource_version": "450",
                "uid": "e839c537-aab1-4b83-8a31-9895898a6b34"
              }
            ],
            "spec": [
              {
                "controller": "k8s.io/nginx-ingress-controller",
                "parameters": []
              }
            ]
          },
          "sensitive_attributes": [],
          "private": "bnVsbA==",
          "dependencies": [
            "module.kind_cluster.kind_cluster.default",
            "module.kubernetes.kubernetes_namespace.namespace"
          ]
        }
      ]
    },
    {
      "module": "module.kubernetes",
      "mode": "managed",
      "type": "kubernetes_ingress_v1",
      "name": "ingress",
      "provider": "module.kubernetes.provider[\"registry.terraform.io/hashicorp/kubernetes\"]",
      "instances": [
        {
          "schema_version": 0,
          "attributes": {
            "id": "ping-pong/ping-pong-ingress",
            "metadata": [
              {
                "annotations": {},
                "generate_name": "",
                "generation": 1,
                "labels": {},
                "name": "ping-pong-ingress",
                "namespace": "ping-pong",
                "resource_version": "2284",
                "uid": "9a20c238-724c-413f-b774-5501d9a2ad1f"
              }
            ],
            "spec": [
              {
                "default_backend": [],
                "ingress_class_name": "nginx",
                "rule": [
                  {
                    "host": "",
                    "http": [
                      {
                        "path": [
                          {
                            "backend": [
                              {
                                "resource": [],
                                "service": [
                                  {
                                    "name": "ping-pong-service",
                                    "port": [
                                      {
                                        "name": "",
                                        "number": 8080
                                      }
                                    ]
                                  }
                                ]
                              }
                            ],
                            "path": "/",
                            "path_type": "ImplementationSpecific"
                          }
                        ]
                      }
                    ]
                  }
                ],
                "tls": []
              }
            ],
            "status": [
              {
                "load_balancer": [
                  {
                    "ingress": []
                  }
                ]
              }
            ],
            "timeouts": null,
            "wait_for_load_balancer": null
          },
          "sensitive_attributes": [],
          "private": "eyJlMmJmYjczMC1lY2FhLTExZTYtOGY4OC0zNDM2M2JjN2M0YzAiOnsiY3JlYXRlIjoxMjAwMDAwMDAwMDAwLCJkZWxldGUiOjEyMDAwMDAwMDAwMDB9fQ==",
          "dependencies": [
            "module.kind_cluster.kind_cluster.default",
            "module.kubernetes.kubernetes_ingress_class_v1.ingress_class",
            "module.kubernetes.kubernetes_namespace.namespace",
            "module.kubernetes.kubernetes_service.service"
          ]
        }
      ]
    },
    {
      "module": "module.kubernetes",
      "mode": "managed",
      "type": "kubernetes_namespace",
      "name": "namespace",
      "provider": "module.kubernetes.provider[\"registry.terraform.io/hashicorp/kubernetes\"]",
      "instances": [
        {
          "schema_version": 0,
          "attributes": {
            "id": "ping-pong",
            "metadata": [
              {
                "annotations": {},
                "generate_name": "",
                "generation": 0,
                "labels": {},
                "name": "ping-pong",
                "resource_version": "447",
                "uid": "b24170a9-e3b9-423e-8aeb-231f248a2fdc"
              }
            ],
            "timeouts": null,
            "wait_for_default_service_account": false
          },
          "sensitive_attributes": [],
          "private": "eyJlMmJmYjczMC1lY2FhLTExZTYtOGY4OC0zNDM2M2JjN2M0YzAiOnsiZGVsZXRlIjozMDAwMDAwMDAwMDB9fQ==",
          "dependencies": [
            "module.kind_cluster.kind_cluster.default"
          ]
        }
      ]
    },
    {
      "module": "module.kubernetes",
      "mode": "managed",
      "type": "kubernetes_service",
      "name": "service",
      "provider": "module.kubernetes.provider[\"registry.terraform.io/hashicorp/kubernetes\"]",
      "instances": [
        {
          "schema_version": 1,
          "attributes": {
            "id": "ping-pong/ping-pong-service",
            "metadata": [
              {
                "annotations": {},
                "generate_name": "",
                "generation": 0,
                "labels": {},
                "name": "ping-pong-service",
                "namespace": "ping-pong",
                "resource_version": "2270",
                "uid": "a0ee82c7-b087-41b2-9291-8d93b9520209"
              }
            ],
            "spec": [
              {
                "allocate_load_balancer_node_ports": true,
                "cluster_ip": "10.30.19.58",
                "cluster_ips": [
                  "10.30.19.58"
                ],
                "external_ips": [],
                "external_name": "",
                "external_traffic_policy": "",
                "health_check_node_port": 0,
                "internal_traffic_policy": "Cluster",
                "ip_families": [
                  "IPv4"
                ],
                "ip_family_policy": "SingleStack",
                "load_balancer_class": "",
                "load_balancer_ip": "",
                "load_balancer_source_ranges": [],
                "port": [
                  {
                    "app_protocol": "",
                    "name": "",
                    "node_port": 0,
                    "port": 8080,
                    "protocol": "TCP",
                    "target_port": "8080"
                  }
                ],
                "publish_not_ready_addresses": false,
                "selector": {
                  "app": "ping-pong"
                },
                "session_affinity": "None",
                "session_affinity_config": [],
                "type": "ClusterIP"
              }
            ],
            "status": [
              {
                "load_balancer": [
                  {
                    "ingress": []
                  }
                ]
              }
            ],
            "timeouts": null,
            "wait_for_load_balancer": true
          },
          "sensitive_attributes": [],
          "private": "eyJlMmJmYjczMC1lY2FhLTExZTYtOGY4OC0zNDM2M2JjN2M0YzAiOnsiY3JlYXRlIjo2MDAwMDAwMDAwMDB9LCJzY2hlbWFfdmVyc2lvbiI6IjEifQ==",
          "dependencies": [
            "module.kind_cluster.kind_cluster.default",
            "module.kubernetes.kubernetes_namespace.namespace"
          ]
        }
      ]
    },
    {
      "module": "module.observability",
      "mode": "managed",
      "type": "helm_release",
      "name": "prometheus-grafana",
      "provider": "module.observability.provider[\"registry.terraform.io/hashicorp/helm\"]",
      "instances": [
        {
          "schema_version": 0,
          "attributes": {
            "atomic": false,
            "chart": "kube-prometheus-stack",
            "cleanup_on_fail": false,
            "create_namespace": true,
            "dependency_update": false,
            "description": null,
            "devel": null,
            "disable_crd_hooks": false,
            "disable_openapi_validation": false,
            "disable_webhooks": false,
            "force_update": false,
            "id": "prometheus-grafana",
            "keyring": null,
            "lint": false,
            "manifest": null,
            "max_history": 0,
            "metadata": [
              {
                "app_version": "v0.74.0",
                "chart": "kube-prometheus-stack",
                "name": "prometheus-grafana",
                "namespace": "observability",
                "revision": 2,
                "values": "{\"grafana\":{\"adminPassword\":\"password\"}}",
                "version": "59.1.0"
              }
            ],
            "name": "prometheus-grafana",
            "namespace": "observability",
            "pass_credentials": false,
            "postrender": [],
            "recreate_pods": false,
            "render_subchart_notes": true,
            "replace": false,
            "repository": "https://prometheus-community.github.io/helm-charts",
            "repository_ca_file": null,
            "repository_cert_file": null,
            "repository_key_file": null,
            "repository_password": null,
            "repository_username": null,
            "reset_values": false,
            "reuse_values": false,
            "set": [
              {
                "name": "grafana.adminPassword",
                "type": "",
                "value": "password"
              }
            ],
            "set_sensitive": [],
            "skip_crds": false,
            "status": "deployed",
            "timeout": 300,
            "values": null,
            "verify": false,
            "version": "59.1.0",
            "wait": true,
            "wait_for_jobs": false
          },
          "sensitive_attributes": [
            [
              {
                "type": "get_attr",
                "value": "set"
              }
            ],
            [
              {
                "type": "get_attr",
                "value": "repository_password"
              }
            ]
          ],
          "private": "bnVsbA==",
          "dependencies": [
            "module.kind_cluster.kind_cluster.default"
          ]
        }
      ]
    }
  ],
  "check_results": null
}
